
Microsoft Visual Studio Solution File, Format Version 12.00
# Visual Studio Version 17
VisualStudioVersion = 17.3.32929.385
MinimumVisualStudioVersion = 10.0.40219.1
Project("{FAE04EC0-301F-11D3-BF4B-00C04F79EFBC}") = "hotelListing.API", "hotelListing.API\hotelListing.API.csproj", "{561FE91F-FB18-4A51-A542-C33F5CEF461C}"
EndProject
Global
	GlobalSection(SolutionConfigurationPlatforms) = preSolution
		Debug|Any CPU = Debug|Any CPU
		Release|Any CPU = Release|Any CPU
	EndGlobalSection
	GlobalSection(ProjectConfigurationPlatforms) = postSolution
		{561FE91F-FB18-4A51-A542-C33F5CEF461C}.Debug|Any CPU.ActiveCfg = Debug|Any CPU
		{561FE91F-FB18-4A51-A542-C33F5CEF461C}.Debug|Any CPU.Build.0 = Debug|Any CPU
		{561FE91F-FB18-4A51-A542-C33F5CEF461C}.Release|Any CPU.ActiveCfg = Release|Any CPU
		{561FE91F-FB18-4A51-A542-C33F5CEF461C}.Release|Any CPU.Build.0 = Release|Any CPU
	EndGlobalSection
	GlobalSection(SolutionProperties) = preSolution
		HideSolutionNode = FALSE
	EndGlobalSection
	GlobalSection(ExtensibilityGlobals) = postSolution
		SolutionGuid = {E73F2F5E-E707-4577-A408-A160B2014A6B}
	EndGlobalSection
EndGlobal
